
Microsoft Visual Studio Solution File, Format Version 12.00
# Visual Studio Version 17
Project("{8BC9CEB8-8B4A-11D0-8D11-00A0C91BC942}") = "ALL_BUILD", "ALL_BUILD.vcxproj", "{33BEC3EF-090D-3B98-BA0A-97130958B933}"
	ProjectSection(ProjectDependencies) = postProject
		{85ADA2F5-EF32-3F4C-BF7E-F212B06DB699} = {85ADA2F5-EF32-3F4C-BF7E-F212B06DB699}
	EndProjectSection
EndProject
Project("{8BC9CEB8-8B4A-11D0-8D11-00A0C91BC942}") = "INSTALL", "INSTALL.vcxproj", "{5134EE35-9128-3339-A1B2-F4219FC2180B}"
	ProjectSection(ProjectDependencies) = postProject
		{33BEC3EF-090D-3B98-BA0A-97130958B933} = {33BEC3EF-090D-3B98-BA0A-97130958B933}
	EndProjectSection
EndProject
Project("{8BC9CEB8-8B4A-11D0-8D11-00A0C91BC942}") = "gdnative-example", "gdnative-example.vcxproj", "{85ADA2F5-EF32-3F4C-BF7E-F212B06DB699}"
	ProjectSection(ProjectDependencies) = postProject
	EndProjectSection
EndProject
Global
	GlobalSection(SolutionConfigurationPlatforms) = preSolution
		Debug|x64 = Debug|x64
		Release|x64 = Release|x64
		MinSizeRel|x64 = MinSizeRel|x64
		RelWithDebInfo|x64 = RelWithDebInfo|x64
	EndGlobalSection
	GlobalSection(ProjectConfigurationPlatforms) = postSolution
		{33BEC3EF-090D-3B98-BA0A-97130958B933}.Debug|x64.ActiveCfg = Debug|x64
		{33BEC3EF-090D-3B98-BA0A-97130958B933}.Debug|x64.Build.0 = Debug|x64
		{33BEC3EF-090D-3B98-BA0A-97130958B933}.Release|x64.ActiveCfg = Release|x64
		{33BEC3EF-090D-3B98-BA0A-97130958B933}.Release|x64.Build.0 = Release|x64
		{33BEC3EF-090D-3B98-BA0A-97130958B933}.MinSizeRel|x64.ActiveCfg = MinSizeRel|x64
		{33BEC3EF-090D-3B98-BA0A-97130958B933}.MinSizeRel|x64.Build.0 = MinSizeRel|x64
		{33BEC3EF-090D-3B98-BA0A-97130958B933}.RelWithDebInfo|x64.ActiveCfg = RelWithDebInfo|x64
		{33BEC3EF-090D-3B98-BA0A-97130958B933}.RelWithDebInfo|x64.Build.0 = RelWithDebInfo|x64
		{5134EE35-9128-3339-A1B2-F4219FC2180B}.Debug|x64.ActiveCfg = Debug|x64
		{5134EE35-9128-3339-A1B2-F4219FC2180B}.Release|x64.ActiveCfg = Release|x64
		{5134EE35-9128-3339-A1B2-F4219FC2180B}.MinSizeRel|x64.ActiveCfg = MinSizeRel|x64
		{5134EE35-9128-3339-A1B2-F4219FC2180B}.RelWithDebInfo|x64.ActiveCfg = RelWithDebInfo|x64
		{85ADA2F5-EF32-3F4C-BF7E-F212B06DB699}.Debug|x64.ActiveCfg = Debug|x64
		{85ADA2F5-EF32-3F4C-BF7E-F212B06DB699}.Debug|x64.Build.0 = Debug|x64
		{85ADA2F5-EF32-3F4C-BF7E-F212B06DB699}.Release|x64.ActiveCfg = Release|x64
		{85ADA2F5-EF32-3F4C-BF7E-F212B06DB699}.Release|x64.Build.0 = Release|x64
		{85ADA2F5-EF32-3F4C-BF7E-F212B06DB699}.MinSizeRel|x64.ActiveCfg = MinSizeRel|x64
		{85ADA2F5-EF32-3F4C-BF7E-F212B06DB699}.MinSizeRel|x64.Build.0 = MinSizeRel|x64
		{85ADA2F5-EF32-3F4C-BF7E-F212B06DB699}.RelWithDebInfo|x64.ActiveCfg = RelWithDebInfo|x64
		{85ADA2F5-EF32-3F4C-BF7E-F212B06DB699}.RelWithDebInfo|x64.Build.0 = RelWithDebInfo|x64
	EndGlobalSection
	GlobalSection(ExtensibilityGlobals) = postSolution
		SolutionGuid = {5EE371EB-455E-3333-92CB-45D2DFBA98DD}
	EndGlobalSection
	GlobalSection(ExtensibilityAddIns) = postSolution
	EndGlobalSection
EndGlobal
