
Microsoft Visual Studio Solution File, Format Version 12.00
# Visual Studio Version 16
Project("{8BC9CEB8-8B4A-11D0-8D11-00A0C91BC942}") = "ALL_BUILD", "ALL_BUILD.vcxproj", "{DDCA0EA1-41A7-350E-80C7-3517B3A01344}"
	ProjectSection(ProjectDependencies) = postProject
		{887D0898-5E07-327E-AF43-6052DEE831E9} = {887D0898-5E07-327E-AF43-6052DEE831E9}
		{503FB7B4-F1F4-3639-A040-075DE88E7529} = {503FB7B4-F1F4-3639-A040-075DE88E7529}
	EndProjectSection
EndProject
Project("{8BC9CEB8-8B4A-11D0-8D11-00A0C91BC942}") = "INSTALL", "INSTALL.vcxproj", "{50E4CAE7-D18F-3470-9D66-DB05A893C1D4}"
	ProjectSection(ProjectDependencies) = postProject
		{DDCA0EA1-41A7-350E-80C7-3517B3A01344} = {DDCA0EA1-41A7-350E-80C7-3517B3A01344}
		{887D0898-5E07-327E-AF43-6052DEE831E9} = {887D0898-5E07-327E-AF43-6052DEE831E9}
	EndProjectSection
EndProject
Project("{8BC9CEB8-8B4A-11D0-8D11-00A0C91BC942}") = "ZERO_CHECK", "ZERO_CHECK.vcxproj", "{887D0898-5E07-327E-AF43-6052DEE831E9}"
	ProjectSection(ProjectDependencies) = postProject
	EndProjectSection
EndProject
Project("{8BC9CEB8-8B4A-11D0-8D11-00A0C91BC942}") = "gdnative-example", "gdnative-example.vcxproj", "{503FB7B4-F1F4-3639-A040-075DE88E7529}"
	ProjectSection(ProjectDependencies) = postProject
		{887D0898-5E07-327E-AF43-6052DEE831E9} = {887D0898-5E07-327E-AF43-6052DEE831E9}
	EndProjectSection
EndProject
Global
	GlobalSection(SolutionConfigurationPlatforms) = preSolution
		Debug|x64 = Debug|x64
		Release|x64 = Release|x64
		MinSizeRel|x64 = MinSizeRel|x64
		RelWithDebInfo|x64 = RelWithDebInfo|x64
	EndGlobalSection
	GlobalSection(ProjectConfigurationPlatforms) = postSolution
		{DDCA0EA1-41A7-350E-80C7-3517B3A01344}.Debug|x64.ActiveCfg = Debug|x64
		{DDCA0EA1-41A7-350E-80C7-3517B3A01344}.Debug|x64.Build.0 = Debug|x64
		{DDCA0EA1-41A7-350E-80C7-3517B3A01344}.Release|x64.ActiveCfg = Release|x64
		{DDCA0EA1-41A7-350E-80C7-3517B3A01344}.Release|x64.Build.0 = Release|x64
		{DDCA0EA1-41A7-350E-80C7-3517B3A01344}.MinSizeRel|x64.ActiveCfg = MinSizeRel|x64
		{DDCA0EA1-41A7-350E-80C7-3517B3A01344}.MinSizeRel|x64.Build.0 = MinSizeRel|x64
		{DDCA0EA1-41A7-350E-80C7-3517B3A01344}.RelWithDebInfo|x64.ActiveCfg = RelWithDebInfo|x64
		{DDCA0EA1-41A7-350E-80C7-3517B3A01344}.RelWithDebInfo|x64.Build.0 = RelWithDebInfo|x64
		{50E4CAE7-D18F-3470-9D66-DB05A893C1D4}.Debug|x64.ActiveCfg = Debug|x64
		{50E4CAE7-D18F-3470-9D66-DB05A893C1D4}.Release|x64.ActiveCfg = Release|x64
		{50E4CAE7-D18F-3470-9D66-DB05A893C1D4}.MinSizeRel|x64.ActiveCfg = MinSizeRel|x64
		{50E4CAE7-D18F-3470-9D66-DB05A893C1D4}.RelWithDebInfo|x64.ActiveCfg = RelWithDebInfo|x64
		{887D0898-5E07-327E-AF43-6052DEE831E9}.Debug|x64.ActiveCfg = Debug|x64
		{887D0898-5E07-327E-AF43-6052DEE831E9}.Debug|x64.Build.0 = Debug|x64
		{887D0898-5E07-327E-AF43-6052DEE831E9}.Release|x64.ActiveCfg = Release|x64
		{887D0898-5E07-327E-AF43-6052DEE831E9}.Release|x64.Build.0 = Release|x64
		{887D0898-5E07-327E-AF43-6052DEE831E9}.MinSizeRel|x64.ActiveCfg = MinSizeRel|x64
		{887D0898-5E07-327E-AF43-6052DEE831E9}.MinSizeRel|x64.Build.0 = MinSizeRel|x64
		{887D0898-5E07-327E-AF43-6052DEE831E9}.RelWithDebInfo|x64.ActiveCfg = RelWithDebInfo|x64
		{887D0898-5E07-327E-AF43-6052DEE831E9}.RelWithDebInfo|x64.Build.0 = RelWithDebInfo|x64
		{503FB7B4-F1F4-3639-A040-075DE88E7529}.Debug|x64.ActiveCfg = Debug|x64
		{503FB7B4-F1F4-3639-A040-075DE88E7529}.Debug|x64.Build.0 = Debug|x64
		{503FB7B4-F1F4-3639-A040-075DE88E7529}.Release|x64.ActiveCfg = Release|x64
		{503FB7B4-F1F4-3639-A040-075DE88E7529}.Release|x64.Build.0 = Release|x64
		{503FB7B4-F1F4-3639-A040-075DE88E7529}.MinSizeRel|x64.ActiveCfg = MinSizeRel|x64
		{503FB7B4-F1F4-3639-A040-075DE88E7529}.MinSizeRel|x64.Build.0 = MinSizeRel|x64
		{503FB7B4-F1F4-3639-A040-075DE88E7529}.RelWithDebInfo|x64.ActiveCfg = RelWithDebInfo|x64
		{503FB7B4-F1F4-3639-A040-075DE88E7529}.RelWithDebInfo|x64.Build.0 = RelWithDebInfo|x64
	EndGlobalSection
	GlobalSection(ExtensibilityGlobals) = postSolution
		SolutionGuid = {E9BD3FB8-90E7-36ED-AA77-705339D7F392}
	EndGlobalSection
	GlobalSection(ExtensibilityAddIns) = postSolution
	EndGlobalSection
EndGlobal
